
Microsoft Visual Studio Solution File, Format Version 12.00
# Visual Studio Version 16
VisualStudioVersion = 16.0.30225.117
MinimumVisualStudioVersion = 10.0.40219.1
Project("{FAE04EC0-301F-11D3-BF4B-00C04F79EFBC}") = "GCD0705AdvProg", "GCD0705AdvProg\GCD0705AdvProg.csproj", "{B39BA524-DCFD-4E79-BA71-73DC01C394FA}"
EndProject
Project("{FAE04EC0-301F-11D3-BF4B-00C04F79EFBC}") = "PointInRectangle", "PointInRectangle\PointInRectangle.csproj", "{AE19499F-2238-4D2E-8195-491D7774DE7D}"
EndProject
Project("{FAE04EC0-301F-11D3-BF4B-00C04F79EFBC}") = "StudentSystem", "StudentSystem\StudentSystem.csproj", "{905EF988-E5C5-4712-830B-68C8DAD5672D}"
EndProject
Project("{FAE04EC0-301F-11D3-BF4B-00C04F79EFBC}") = "Inheritance", "Inheritance\Inheritance.csproj", "{5453EEF2-6F89-4601-ABAD-B8D92972279A}"
EndProject
Project("{FAE04EC0-301F-11D3-BF4B-00C04F79EFBC}") = "Farm", "Farm\Farm.csproj", "{DCCCEB74-B25F-4A69-B75A-21F18D61E0F7}"
EndProject
Project("{FAE04EC0-301F-11D3-BF4B-00C04F79EFBC}") = "CustomRandomList", "CustomRandomList\CustomRandomList.csproj", "{4EAE26C3-DC71-42AB-BF1F-C0D158D11925}"
EndProject
Project("{FAE04EC0-301F-11D3-BF4B-00C04F79EFBC}") = "CustomStack", "CustomStack\CustomStack.csproj", "{0ADF2651-E839-4E17-A7D2-BF74F24AEDAA}"
EndProject
Project("{FAE04EC0-301F-11D3-BF4B-00C04F79EFBC}") = "Encapsulation", "Encapsulation\Encapsulation.csproj", "{32067A65-79E9-488F-BD41-6A22AF5A621A}"
EndProject
Project("{FAE04EC0-301F-11D3-BF4B-00C04F79EFBC}") = "EncapsulationLab", "EncapsulationLab\EncapsulationLab.csproj", "{C4FBCEB7-FE7C-4ADF-A134-D78DC1CC107E}"
EndProject
Project("{FAE04EC0-301F-11D3-BF4B-00C04F79EFBC}") = "Interfaces", "Interfaces\Interfaces.csproj", "{9F7F2819-9932-427A-A973-8AAB02FD0F4C}"
EndProject
Project("{FAE04EC0-301F-11D3-BF4B-00C04F79EFBC}") = "AbstractClasses", "AbstractClasses\AbstractClasses.csproj", "{6DEFDFAE-914A-4529-8215-10720FC7C100}"
EndProject
Project("{FAE04EC0-301F-11D3-BF4B-00C04F79EFBC}") = "Polymorphism", "Polymorphism\Polymorphism.csproj", "{5BE7CF9C-7FBD-4650-9367-FBDFCDD42F46}"
EndProject
Project("{FAE04EC0-301F-11D3-BF4B-00C04F79EFBC}") = "ClassDiagram", "ClassDiagram\ClassDiagram.csproj", "{8EEC5BF2-910F-4626-A2CA-AE229848EC80}"
EndProject
Project("{FAE04EC0-301F-11D3-BF4B-00C04F79EFBC}") = "VideoStore", "VideoStore\VideoStore.csproj", "{63A13296-E8C3-48EF-BD08-5635241D0283}"
EndProject
Project("{FAE04EC0-301F-11D3-BF4B-00C04F79EFBC}") = "HotelManagementSystem", "HotelManagementSystem\HotelManagementSystem.csproj", "{27E69682-473E-45A2-8ED8-9622A2EDCF14}"
EndProject
Global
	GlobalSection(SolutionConfigurationPlatforms) = preSolution
		Debug|Any CPU = Debug|Any CPU
		Release|Any CPU = Release|Any CPU
	EndGlobalSection
	GlobalSection(ProjectConfigurationPlatforms) = postSolution
		{B39BA524-DCFD-4E79-BA71-73DC01C394FA}.Debug|Any CPU.ActiveCfg = Debug|Any CPU
		{B39BA524-DCFD-4E79-BA71-73DC01C394FA}.Debug|Any CPU.Build.0 = Debug|Any CPU
		{B39BA524-DCFD-4E79-BA71-73DC01C394FA}.Release|Any CPU.ActiveCfg = Release|Any CPU
		{B39BA524-DCFD-4E79-BA71-73DC01C394FA}.Release|Any CPU.Build.0 = Release|Any CPU
		{AE19499F-2238-4D2E-8195-491D7774DE7D}.Debug|Any CPU.ActiveCfg = Debug|Any CPU
		{AE19499F-2238-4D2E-8195-491D7774DE7D}.Debug|Any CPU.Build.0 = Debug|Any CPU
		{AE19499F-2238-4D2E-8195-491D7774DE7D}.Release|Any CPU.ActiveCfg = Release|Any CPU
		{AE19499F-2238-4D2E-8195-491D7774DE7D}.Release|Any CPU.Build.0 = Release|Any CPU
		{905EF988-E5C5-4712-830B-68C8DAD5672D}.Debug|Any CPU.ActiveCfg = Debug|Any CPU
		{905EF988-E5C5-4712-830B-68C8DAD5672D}.Debug|Any CPU.Build.0 = Debug|Any CPU
		{905EF988-E5C5-4712-830B-68C8DAD5672D}.Release|Any CPU.ActiveCfg = Release|Any CPU
		{905EF988-E5C5-4712-830B-68C8DAD5672D}.Release|Any CPU.Build.0 = Release|Any CPU
		{5453EEF2-6F89-4601-ABAD-B8D92972279A}.Debug|Any CPU.ActiveCfg = Debug|Any CPU
		{5453EEF2-6F89-4601-ABAD-B8D92972279A}.Debug|Any CPU.Build.0 = Debug|Any CPU
		{5453EEF2-6F89-4601-ABAD-B8D92972279A}.Release|Any CPU.ActiveCfg = Release|Any CPU
		{5453EEF2-6F89-4601-ABAD-B8D92972279A}.Release|Any CPU.Build.0 = Release|Any CPU
		{DCCCEB74-B25F-4A69-B75A-21F18D61E0F7}.Debug|Any CPU.ActiveCfg = Debug|Any CPU
		{DCCCEB74-B25F-4A69-B75A-21F18D61E0F7}.Debug|Any CPU.Build.0 = Debug|Any CPU
		{DCCCEB74-B25F-4A69-B75A-21F18D61E0F7}.Release|Any CPU.ActiveCfg = Release|Any CPU
		{DCCCEB74-B25F-4A69-B75A-21F18D61E0F7}.Release|Any CPU.Build.0 = Release|Any CPU
		{4EAE26C3-DC71-42AB-BF1F-C0D158D11925}.Debug|Any CPU.ActiveCfg = Debug|Any CPU
		{4EAE26C3-DC71-42AB-BF1F-C0D158D11925}.Debug|Any CPU.Build.0 = Debug|Any CPU
		{4EAE26C3-DC71-42AB-BF1F-C0D158D11925}.Release|Any CPU.ActiveCfg = Release|Any CPU
		{4EAE26C3-DC71-42AB-BF1F-C0D158D11925}.Release|Any CPU.Build.0 = Release|Any CPU
		{0ADF2651-E839-4E17-A7D2-BF74F24AEDAA}.Debug|Any CPU.ActiveCfg = Debug|Any CPU
		{0ADF2651-E839-4E17-A7D2-BF74F24AEDAA}.Debug|Any CPU.Build.0 = Debug|Any CPU
		{0ADF2651-E839-4E17-A7D2-BF74F24AEDAA}.Release|Any CPU.ActiveCfg = Release|Any CPU
		{0ADF2651-E839-4E17-A7D2-BF74F24AEDAA}.Release|Any CPU.Build.0 = Release|Any CPU
		{32067A65-79E9-488F-BD41-6A22AF5A621A}.Debug|Any CPU.ActiveCfg = Debug|Any CPU
		{32067A65-79E9-488F-BD41-6A22AF5A621A}.Debug|Any CPU.Build.0 = Debug|Any CPU
		{32067A65-79E9-488F-BD41-6A22AF5A621A}.Release|Any CPU.ActiveCfg = Release|Any CPU
		{32067A65-79E9-488F-BD41-6A22AF5A621A}.Release|Any CPU.Build.0 = Release|Any CPU
		{C4FBCEB7-FE7C-4ADF-A134-D78DC1CC107E}.Debug|Any CPU.ActiveCfg = Debug|Any CPU
		{C4FBCEB7-FE7C-4ADF-A134-D78DC1CC107E}.Debug|Any CPU.Build.0 = Debug|Any CPU
		{C4FBCEB7-FE7C-4ADF-A134-D78DC1CC107E}.Release|Any CPU.ActiveCfg = Release|Any CPU
		{C4FBCEB7-FE7C-4ADF-A134-D78DC1CC107E}.Release|Any CPU.Build.0 = Release|Any CPU
		{9F7F2819-9932-427A-A973-8AAB02FD0F4C}.Debug|Any CPU.ActiveCfg = Debug|Any CPU
		{9F7F2819-9932-427A-A973-8AAB02FD0F4C}.Debug|Any CPU.Build.0 = Debug|Any CPU
		{9F7F2819-9932-427A-A973-8AAB02FD0F4C}.Release|Any CPU.ActiveCfg = Release|Any CPU
		{9F7F2819-9932-427A-A973-8AAB02FD0F4C}.Release|Any CPU.Build.0 = Release|Any CPU
		{6DEFDFAE-914A-4529-8215-10720FC7C100}.Debug|Any CPU.ActiveCfg = Debug|Any CPU
		{6DEFDFAE-914A-4529-8215-10720FC7C100}.Debug|Any CPU.Build.0 = Debug|Any CPU
		{6DEFDFAE-914A-4529-8215-10720FC7C100}.Release|Any CPU.ActiveCfg = Release|Any CPU
		{6DEFDFAE-914A-4529-8215-10720FC7C100}.Release|Any CPU.Build.0 = Release|Any CPU
		{5BE7CF9C-7FBD-4650-9367-FBDFCDD42F46}.Debug|Any CPU.ActiveCfg = Debug|Any CPU
		{5BE7CF9C-7FBD-4650-9367-FBDFCDD42F46}.Debug|Any CPU.Build.0 = Debug|Any CPU
		{5BE7CF9C-7FBD-4650-9367-FBDFCDD42F46}.Release|Any CPU.ActiveCfg = Release|Any CPU
		{5BE7CF9C-7FBD-4650-9367-FBDFCDD42F46}.Release|Any CPU.Build.0 = Release|Any CPU
		{8EEC5BF2-910F-4626-A2CA-AE229848EC80}.Debug|Any CPU.ActiveCfg = Debug|Any CPU
		{8EEC5BF2-910F-4626-A2CA-AE229848EC80}.Debug|Any CPU.Build.0 = Debug|Any CPU
		{8EEC5BF2-910F-4626-A2CA-AE229848EC80}.Release|Any CPU.ActiveCfg = Release|Any CPU
		{8EEC5BF2-910F-4626-A2CA-AE229848EC80}.Release|Any CPU.Build.0 = Release|Any CPU
		{63A13296-E8C3-48EF-BD08-5635241D0283}.Debug|Any CPU.ActiveCfg = Debug|Any CPU
		{63A13296-E8C3-48EF-BD08-5635241D0283}.Debug|Any CPU.Build.0 = Debug|Any CPU
		{63A13296-E8C3-48EF-BD08-5635241D0283}.Release|Any CPU.ActiveCfg = Release|Any CPU
		{63A13296-E8C3-48EF-BD08-5635241D0283}.Release|Any CPU.Build.0 = Release|Any CPU
		{27E69682-473E-45A2-8ED8-9622A2EDCF14}.Debug|Any CPU.ActiveCfg = Debug|Any CPU
		{27E69682-473E-45A2-8ED8-9622A2EDCF14}.Debug|Any CPU.Build.0 = Debug|Any CPU
		{27E69682-473E-45A2-8ED8-9622A2EDCF14}.Release|Any CPU.ActiveCfg = Release|Any CPU
		{27E69682-473E-45A2-8ED8-9622A2EDCF14}.Release|Any CPU.Build.0 = Release|Any CPU
	EndGlobalSection
	GlobalSection(SolutionProperties) = preSolution
		HideSolutionNode = FALSE
	EndGlobalSection
	GlobalSection(ExtensibilityGlobals) = postSolution
		SolutionGuid = {863A5E21-BB08-452C-ADC7-0F31476F9931}
	EndGlobalSection
EndGlobal
